
Microsoft Visual Studio Solution File, Format Version 12.00
# Visual Studio Version 17
VisualStudioVersion = 17.8.34322.80
MinimumVisualStudioVersion = 10.0.40219.1
Project("{FAE04EC0-301F-11D3-BF4B-00C04F79EFBC}") = "TOTK.Website", "TOTK.Website\TOTK.Website.csproj", "{CF0B9370-B17F-4DE4-9F8F-70FD46FBA50B}"
EndProject
Global
	GlobalSection(SolutionConfigurationPlatforms) = preSolution
		Debug|Any CPU = Debug|Any CPU
		Release|Any CPU = Release|Any CPU
	EndGlobalSection
	GlobalSection(ProjectConfigurationPlatforms) = postSolution
		{CF0B9370-B17F-4DE4-9F8F-70FD46FBA50B}.Debug|Any CPU.ActiveCfg = Debug|Any CPU
		{CF0B9370-B17F-4DE4-9F8F-70FD46FBA50B}.Debug|Any CPU.Build.0 = Debug|Any CPU
		{CF0B9370-B17F-4DE4-9F8F-70FD46FBA50B}.Release|Any CPU.ActiveCfg = Release|Any CPU
		{CF0B9370-B17F-4DE4-9F8F-70FD46FBA50B}.Release|Any CPU.Build.0 = Release|Any CPU
	EndGlobalSection
	GlobalSection(SolutionProperties) = preSolution
		HideSolutionNode = FALSE
	EndGlobalSection
	GlobalSection(ExtensibilityGlobals) = postSolution
		SolutionGuid = {4929DFC3-EC57-4CCC-BD20-14F5630CFEF4}
	EndGlobalSection
EndGlobal
